// !$*UTF8*$!
{
	archiveVersion = 1;
	classes = {
	};
	objectVersion = 46;
	objects = {

/* Begin PBXBuildFile section */
		1BE99C691CE44C4D00E9C0BB /* main.m in Sources */ = {isa = PBXBuildFile; fileRef = 1BE99C681CE44C4D00E9C0BB /* main.m */; };
		1BE99C6C1CE44C4D00E9C0BB /* AppDelegate.m in Sources */ = {isa = PBXBuildFile; fileRef = 1BE99C6B1CE44C4D00E9C0BB /* AppDelegate.m */; };
		1BE99C6F1CE44C4D00E9C0BB /* ViewController.m in Sources */ = {isa = PBXBuildFile; fileRef = 1BE99C6E1CE44C4D00E9C0BB /* ViewController.m */; };
		1BE99C721CE44C4D00E9C0BB /* Main.storyboard in Resources */ = {isa = PBXBuildFile; fileRef = 1BE99C701CE44C4D00E9C0BB /* Main.storyboard */; };
		1BE99C741CE44C4D00E9C0BB /* Assets.xcassets in Resources */ = {isa = PBXBuildFile; fileRef = 1BE99C731CE44C4D00E9C0BB /* Assets.xcassets */; };
		1BE99C771CE44C4D00E9C0BB /* LaunchScreen.storyboard in Resources */ = {isa = PBXBuildFile; fileRef = 1BE99C751CE44C4D00E9C0BB /* LaunchScreen.storyboard */; };
		1BE99C821CE44C4E00E9C0BB /* CS_TableViewWithSearchBarTests.m in Sources */ = {isa = PBXBuildFile; fileRef = 1BE99C811CE44C4E00E9C0BB /* CS_TableViewWithSearchBarTests.m */; };
		1BE99C8D1CE44C4E00E9C0BB /* CS_TableViewWithSearchBarUITests.m in Sources */ = {isa = PBXBuildFile; fileRef = 1BE99C8C1CE44C4E00E9C0BB /* CS_TableViewWithSearchBarUITests.m */; };
/* End PBXBuildFile section */

/* Begin PBXContainerItemProxy section */
		1BE99C7E1CE44C4E00E9C0BB /* PBXContainerItemProxy */ = {
			isa = PBXContainerItemProxy;
			containerPortal = 1BE99C5C1CE44C4D00E9C0BB /* Project object */;
			proxyType = 1;
			remoteGlobalIDString = 1BE99C631CE44C4D00E9C0BB;
			remoteInfo = CS_TableViewWithSearchBar;
		};
		1BE99C891CE44C4E00E9C0BB /* PBXContainerItemProxy */ = {
			isa = PBXContainerItemProxy;
			containerPortal = 1BE99C5C1CE44C4D00E9C0BB /* Project object */;
			proxyType = 1;
			remoteGlobalIDString = 1BE99C631CE44C4D00E9C0BB;
			remoteInfo = CS_TableViewWithSearchBar;
		};
/* End PBXContainerItemProxy section */

/* Begin PBXFileReference section */
		1BE99C641CE44C4D00E9C0BB /* CS_TableViewWithSearchBar.app */ = {isa = PBXFileReference; explicitFileType = wrapper.application; includeInIndex = 0; path = CS_TableViewWithSearchBar.app; sourceTree = BUILT_PRODUCTS_DIR; };
		1BE99C681CE44C4D00E9C0BB /* main.m */ = {isa = PBXFileReference; lastKnownFileType = sourcecode.c.objc; path = main.m; sourceTree = "<group>"; };
		1BE99C6A1CE44C4D00E9C0BB /* AppDelegate.h */ = {isa = PBXFileReference; lastKnownFileType = sourcecode.c.h; path = AppDelegate.h; sourceTree = "<group>"; };
		1BE99C6B1CE44C4D00E9C0BB /* AppDelegate.m */ = {isa = PBXFileReference; lastKnownFileType = sourcecode.c.objc; path = AppDelegate.m; sourceTree = "<group>"; };
		1BE99C6D1CE44C4D00E9C0BB /* ViewController.h */ = {isa = PBXFileReference; lastKnownFileType = sourcecode.c.h; path = ViewController.h; sourceTree = "<group>"; };
		1BE99C6E1CE44C4D00E9C0BB /* ViewController.m */ = {isa = PBXFileReference; lastKnownFileType = sourcecode.c.objc; path = ViewController.m; sourceTree = "<group>"; };
		1BE99C711CE44C4D00E9C0BB /* Base */ = {isa = PBXFileReference; lastKnownFileType = file.storyboard; name = Base; path = Base.lproj/Main.storyboard; sourceTree = "<group>"; };
		1BE99C731CE44C4D00E9C0BB /* Assets.xcassets */ = {isa = PBXFileReference; lastKnownFileType = folder.assetcatalog; path = Assets.xcassets; sourceTree = "<group>"; };
		1BE99C761CE44C4D00E9C0BB /* Base */ = {isa = PBXFileReference; lastKnownFileType = file.storyboard; name = Base; path = Base.lproj/LaunchScreen.storyboard; sourceTree = "<group>"; };
		1BE99C781CE44C4D00E9C0BB /* Info.plist */ = {isa = PBXFileReference; lastKnownFileType = text.plist.xml; path = Info.plist; sourceTree = "<group>"; };
		1BE99C7D1CE44C4E00E9C0BB /* CS_TableViewWithSearchBarTests.xctest */ = {isa = PBXFileReference; explicitFileType = wrapper.cfbundle; includeInIndex = 0; path = CS_TableViewWithSearchBarTests.xctest; sourceTree = BUILT_PRODUCTS_DIR; };
		1BE99C811CE44C4E00E9C0BB /* CS_TableViewWithSearchBarTests.m */ = {isa = PBXFileReference; lastKnownFileType = sourcecode.c.objc; path = CS_TableViewWithSearchBarTests.m; sourceTree = "<group>"; };
		1BE99C831CE44C4E00E9C0BB /* Info.plist */ = {isa = PBXFileReference; lastKnownFileType = text.plist.xml; path = Info.plist; sourceTree = "<group>"; };
		1BE99C881CE44C4E00E9C0BB /* CS_TableViewWithSearchBarUITests.xctest */ = {isa = PBXFileReference; explicitFileType = wrapper.cfbundle; includeInIndex = 0; path = CS_TableViewWithSearchBarUITests.xctest; sourceTree = BUILT_PRODUCTS_DIR; };
		1BE99C8C1CE44C4E00E9C0BB /* CS_TableViewWithSearchBarUITests.m */ = {isa = PBXFileReference; lastKnownFileType = sourcecode.c.objc; path = CS_TableViewWithSearchBarUITests.m; sourceTree = "<group>"; };
		1BE99C8E1CE44C4E00E9C0BB /* Info.plist */ = {isa = PBXFileReference; lastKnownFileType = text.plist.xml; path = Info.plist; sourceTree = "<group>"; };
/* End PBXFileReference section */

/* Begin PBXFrameworksBuildPhase section */
		1BE99C611CE44C4D00E9C0BB /* Frameworks */ = {
			isa = PBXFrameworksBuildPhase;
			buildActionMask = 2147483647;
			files = (
			);
			runOnlyForDeploymentPostprocessing = 0;
		};
		1BE99C7A1CE44C4E00E9C0BB /* Frameworks */ = {
			isa = PBXFrameworksBuildPhase;
			buildActionMask = 2147483647;
			files = (
			);
			runOnlyForDeploymentPostprocessing = 0;
		};
		1BE99C851CE44C4E00E9C0BB /* Frameworks */ = {
			isa = PBXFrameworksBuildPhase;
			buildActionMask = 2147483647;
			files = (
			);
			runOnlyForDeploymentPostprocessing = 0;
		};
/* End PBXFrameworksBuildPhase section */

/* Begin PBXGroup section */
		1BE99C5B1CE44C4D00E9C0BB = {
			isa = PBXGroup;
			children = (
				1BE99C661CE44C4D00E9C0BB /* CS_TableViewWithSearchBar */,
				1BE99C801CE44C4E00E9C0BB /* CS_TableViewWithSearchBarTests */,
				1BE99C8B1CE44C4E00E9C0BB /* CS_TableViewWithSearchBarUITests */,
				1BE99C651CE44C4D00E9C0BB /* Products */,
			);
			sourceTree = "<group>";
		};
		1BE99C651CE44C4D00E9C0BB /* Products */ = {
			isa = PBXGroup;
			children = (
				1BE99C641CE44C4D00E9C0BB /* CS_TableViewWithSearchBar.app */,
				1BE99C7D1CE44C4E00E9C0BB /* CS_TableViewWithSearchBarTests.xctest */,
				1BE99C881CE44C4E00E9C0BB /* CS_TableViewWithSearchBarUITests.xctest */,
			);
			name = Products;
			sourceTree = "<group>";
		};
		1BE99C661CE44C4D00E9C0BB /* CS_TableViewWithSearchBar */ = {
			isa = PBXGroup;
			children = (
				1BE99C6A1CE44C4D00E9C0BB /* AppDelegate.h */,
				1BE99C6B1CE44C4D00E9C0BB /* AppDelegate.m */,
				1BE99C6D1CE44C4D00E9C0BB /* ViewController.h */,
				1BE99C6E1CE44C4D00E9C0BB /* ViewController.m */,
				1BE99C701CE44C4D00E9C0BB /* Main.storyboard */,
				1BE99C731CE44C4D00E9C0BB /* Assets.xcassets */,
				1BE99C751CE44C4D00E9C0BB /* LaunchScreen.storyboard */,
				1BE99C781CE44C4D00E9C0BB /* Info.plist */,
				1BE99C671CE44C4D00E9C0BB /* Supporting Files */,
			);
			path = CS_TableViewWithSearchBar;
			sourceTree = "<group>";
		};
		1BE99C671CE44C4D00E9C0BB /* Supporting Files */ = {
			isa = PBXGroup;
			children = (
				1BE99C681CE44C4D00E9C0BB /* main.m */,
			);
			name = "Supporting Files";
			sourceTree = "<group>";
		};
		1BE99C801CE44C4E00E9C0BB /* CS_TableViewWithSearchBarTests */ = {
			isa = PBXGroup;
			children = (
				1BE99C811CE44C4E00E9C0BB /* CS_TableViewWithSearchBarTests.m */,
				1BE99C831CE44C4E00E9C0BB /* Info.plist */,
			);
			path = CS_TableViewWithSearchBarTests;
			sourceTree = "<group>";
		};
		1BE99C8B1CE44C4E00E9C0BB /* CS_TableViewWithSearchBarUITests */ = {
			isa = PBXGroup;
			children = (
				1BE99C8C1CE44C4E00E9C0BB /* CS_TableViewWithSearchBarUITests.m */,
				1BE99C8E1CE44C4E00E9C0BB /* Info.plist */,
			);
			path = CS_TableViewWithSearchBarUITests;
			sourceTree = "<group>";
		};
/* End PBXGroup section */

/* Begin PBXNativeTarget section */
		1BE99C631CE44C4D00E9C0BB /* CS_TableViewWithSearchBar */ = {
			isa = PBXNativeTarget;
			buildConfigurationList = 1BE99C911CE44C4E00E9C0BB /* Build configuration list for PBXNativeTarget "CS_TableViewWithSearchBar" */;
			buildPhases = (
				1BE99C601CE44C4D00E9C0BB /* Sources */,
				1BE99C611CE44C4D00E9C0BB /* Frameworks */,
				1BE99C621CE44C4D00E9C0BB /* Resources */,
			);
			buildRules = (
			);
			dependencies = (
			);
			name = CS_TableViewWithSearchBar;
			productName = CS_TableViewWithSearchBar;
			productReference = 1BE99C641CE44C4D00E9C0BB /* CS_TableViewWithSearchBar.app */;
			productType = "com.apple.product-type.application";
		};
		1BE99C7C1CE44C4E00E9C0BB /* CS_TableViewWithSearchBarTests */ = {
			isa = PBXNativeTarget;
			buildConfigurationList = 1BE99C941CE44C4E00E9C0BB /* Build configuration list for PBXNativeTarget "CS_TableViewWithSearchBarTests" */;
			buildPhases = (
				1BE99C791CE44C4E00E9C0BB /* Sources */,
				1BE99C7A1CE44C4E00E9C0BB /* Frameworks */,
				1BE99C7B1CE44C4E00E9C0BB /* Resources */,
			);
			buildRules = (
			);
			dependencies = (
				1BE99C7F1CE44C4E00E9C0BB /* PBXTargetDependency */,
			);
			name = CS_TableViewWithSearchBarTests;
			productName = CS_TableViewWithSearchBarTests;
			productReference = 1BE99C7D1CE44C4E00E9C0BB /* CS_TableViewWithSearchBarTests.xctest */;
			productType = "com.apple.product-type.bundle.unit-test";
		};
		1BE99C871CE44C4E00E9C0BB /* CS_TableViewWithSearchBarUITests */ = {
			isa = PBXNativeTarget;
			buildConfigurationList = 1BE99C971CE44C4E00E9C0BB /* Build configuration list for PBXNativeTarget "CS_TableViewWithSearchBarUITests" */;
			buildPhases = (
				1BE99C841CE44C4E00E9C0BB /* Sources */,
				1BE99C851CE44C4E00E9C0BB /* Frameworks */,
				1BE99C861CE44C4E00E9C0BB /* Resources */,
			);
			buildRules = (
			);
			dependencies = (
				1BE99C8A1CE44C4E00E9C0BB /* PBXTargetDependency */,
			);
			name = CS_TableViewWithSearchBarUITests;
			productName = CS_TableViewWithSearchBarUITests;
			productReference = 1BE99C881CE44C4E00E9C0BB /* CS_TableViewWithSearchBarUITests.xctest */;
			productType = "com.apple.product-type.bundle.ui-testing";
		};
/* End PBXNativeTarget section */

/* Begin PBXProject section */
		1BE99C5C1CE44C4D00E9C0BB /* Project object */ = {
			isa = PBXProject;
			attributes = {
				LastUpgradeCheck = 0730;
				ORGANIZATIONNAME = chunsheng;
				TargetAttributes = {
					1BE99C631CE44C4D00E9C0BB = {
						CreatedOnToolsVersion = 7.3;
					};
					1BE99C7C1CE44C4E00E9C0BB = {
						CreatedOnToolsVersion = 7.3;
						TestTargetID = 1BE99C631CE44C4D00E9C0BB;
					};
					1BE99C871CE44C4E00E9C0BB = {
						CreatedOnToolsVersion = 7.3;
						TestTargetID = 1BE99C631CE44C4D00E9C0BB;
					};
				};
			};
			buildConfigurationList = 1BE99C5F1CE44C4D00E9C0BB /* Build configuration list for PBXProject "CS_TableViewWithSearchBar" */;
			compatibilityVersion = "Xcode 3.2";
			developmentRegion = English;
			hasScannedForEncodings = 0;
			knownRegions = (
				en,
				Base,
			);
			mainGroup = 1BE99C5B1CE44C4D00E9C0BB;
			productRefGroup = 1BE99C651CE44C4D00E9C0BB /* Products */;
			projectDirPath = "";
			projectRoot = "";
			targets = (
				1BE99C631CE44C4D00E9C0BB /* CS_TableViewWithSearchBar */,
				1BE99C7C1CE44C4E00E9C0BB /* CS_TableViewWithSearchBarTests */,
				1BE99C871CE44C4E00E9C0BB /* CS_TableViewWithSearchBarUITests */,
			);
		};
/* End PBXProject section */

/* Begin PBXResourcesBuildPhase section */
		1BE99C621CE44C4D00E9C0BB /* Resources */ = {
			isa = PBXResourcesBuildPhase;
			buildActionMask = 2147483647;
			files = (
				1BE99C771CE44C4D00E9C0BB /* LaunchScreen.storyboard in Resources */,
				1BE99C741CE44C4D00E9C0BB /* Assets.xcassets in Resources */,
				1BE99C721CE44C4D00E9C0BB /* Main.storyboard in Resources */,
			);
			runOnlyForDeploymentPostprocessing = 0;
		};
		1BE99C7B1CE44C4E00E9C0BB /* Resources */ = {
			isa = PBXResourcesBuildPhase;
			buildActionMask = 2147483647;
			files = (
			);
			runOnlyForDeploymentPostprocessing = 0;
		};
		1BE99C861CE44C4E00E9C0BB /* Resources */ = {
			isa = PBXResourcesBuildPhase;
			buildActionMask = 2147483647;
			files = (
			);
			runOnlyForDeploymentPostprocessing = 0;
		};
/* End PBXResourcesBuildPhase section */

/* Begin PBXSourcesBuildPhase section */
		1BE99C601CE44C4D00E9C0BB /* Sources */ = {
			isa = PBXSourcesBuildPhase;
			buildActionMask = 2147483647;
			files = (
				1BE99C6F1CE44C4D00E9C0BB /* ViewController.m in Sources */,
				1BE99C6C1CE44C4D00E9C0BB /* AppDelegate.m in Sources */,
				1BE99C691CE44C4D00E9C0BB /* main.m in Sources */,
			);
			runOnlyForDeploymentPostprocessing = 0;
		};
		1BE99C791CE44C4E00E9C0BB /* Sources */ = {
			isa = PBXSourcesBuildPhase;
			buildActionMask = 2147483647;
			files = (
				1BE99C821CE44C4E00E9C0BB /* CS_TableViewWithSearchBarTests.m in Sources */,
			);
			runOnlyForDeploymentPostprocessing = 0;
		};
		1BE99C841CE44C4E00E9C0BB /* Sources */ = {
			isa = PBXSourcesBuildPhase;
			buildActionMask = 2147483647;
			files = (
				1BE99C8D1CE44C4E00E9C0BB /* CS_TableViewWithSearchBarUITests.m in Sources */,
			);
			runOnlyForDeploymentPostprocessing = 0;
		};
/* End PBXSourcesBuildPhase section */

/* Begin PBXTargetDependency section */
		1BE99C7F1CE44C4E00E9C0BB /* PBXTargetDependency */ = {
			isa = PBXTargetDependency;
			target = 1BE99C631CE44C4D00E9C0BB /* CS_TableViewWithSearchBar */;
			targetProxy = 1BE99C7E1CE44C4E00E9C0BB /* PBXContainerItemProxy */;
		};
		1BE99C8A1CE44C4E00E9C0BB /* PBXTargetDependency */ = {
			isa = PBXTargetDependency;
			target = 1BE99C631CE44C4D00E9C0BB /* CS_TableViewWithSearchBar */;
			targetProxy = 1BE99C891CE44C4E00E9C0BB /* PBXContainerItemProxy */;
		};
/* End PBXTargetDependency section */

/* Begin PBXVariantGroup section */
		1BE99C701CE44C4D00E9C0BB /* Main.storyboard */ = {
			isa = PBXVariantGroup;
			children = (
				1BE99C711CE44C4D00E9C0BB /* Base */,
			);
			name = Main.storyboard;
			sourceTree = "<group>";
		};
		1BE99C751CE44C4D00E9C0BB /* LaunchScreen.storyboard */ = {
			isa = PBXVariantGroup;
			children = (
				1BE99C761CE44C4D00E9C0BB /* Base */,
			);
			name = LaunchScreen.storyboard;
			sourceTree = "<group>";
		};
/* End PBXVariantGroup section */

/* Begin XCBuildConfiguration section */
		1BE99C8F1CE44C4E00E9C0BB /* Debug */ = {
			isa = XCBuildConfiguration;
			buildSettings = {
				ALWAYS_SEARCH_USER_PATHS = NO;
				CLANG_ANALYZER_NONNULL = YES;
				CLANG_CXX_LANGUAGE_STANDARD = "gnu++0x";
				CLANG_CXX_LIBRARY = "libc++";
				CLANG_ENABLE_MODULES = YES;
				CLANG_ENABLE_OBJC_ARC = YES;
				CLANG_WARN_BOOL_CONVERSION = YES;
				CLANG_WARN_CONSTANT_CONVERSION = YES;
				CLANG_WARN_DIRECT_OBJC_ISA_USAGE = YES_ERROR;
				CLANG_WARN_EMPTY_BODY = YES;
				CLANG_WARN_ENUM_CONVERSION = YES;
				CLANG_WARN_INT_CONVERSION = YES;
				CLANG_WARN_OBJC_ROOT_CLASS = YES_ERROR;
				CLANG_WARN_UNREACHABLE_CODE = YES;
				CLANG_WARN__DUPLICATE_METHOD_MATCH = YES;
				"CODE_SIGN_IDENTITY[sdk=iphoneos*]" = "iPhone Developer";
				COPY_PHASE_STRIP = NO;
				DEBUG_INFORMATION_FORMAT = dwarf;
				ENABLE_STRICT_OBJC_MSGSEND = YES;
				ENABLE_TESTABILITY = YES;
				GCC_C_LANGUAGE_STANDARD = gnu99;
				GCC_DYNAMIC_NO_PIC = NO;
				GCC_NO_COMMON_BLOCKS = YES;
				GCC_OPTIMIZATION_LEVEL = 0;
				GCC_PREPROCESSOR_DEFINITIONS = (
					"DEBUG=1",
					"$(inherited)",
				);
				GCC_WARN_64_TO_32_BIT_CONVERSION = YES;
				GCC_WARN_ABOUT_RETURN_TYPE = YES_ERROR;
				GCC_WARN_UNDECLARED_SELECTOR = YES;
				GCC_WARN_UNINITIALIZED_AUTOS = YES_AGGRESSIVE;
				GCC_WARN_UNUSED_FUNCTION = YES;
				GCC_WARN_UNUSED_VARIABLE = YES;
				IPHONEOS_DEPLOYMENT_TARGET = 9.3;
				MTL_ENABLE_DEBUG_INFO = YES;
				ONLY_ACTIVE_ARCH = YES;
				SDKROOT = iphoneos;
			};
			name = Debug;
		};
		1BE99C901CE44C4E00E9C0BB /* Release */ = {
			isa = XCBuildConfiguration;
			buildSettings = {
				ALWAYS_SEARCH_USER_PATHS = NO;
				CLANG_ANALYZER_NONNULL = YES;
				CLANG_CXX_LANGUAGE_STANDARD = "gnu++0x";
				CLANG_CXX_LIBRARY = "libc++";
				CLANG_ENABLE_MODULES = YES;
				CLANG_ENABLE_OBJC_ARC = YES;
				CLANG_WARN_BOOL_CONVERSION = YES;
				CLANG_WARN_CONSTANT_CONVERSION = YES;
				CLANG_WARN_DIRECT_OBJC_ISA_USAGE = YES_ERROR;
				CLANG_WARN_EMPTY_BODY = YES;
				CLANG_WARN_ENUM_CONVERSION = YES;
				CLANG_WARN_INT_CONVERSION = YES;
				CLANG_WARN_OBJC_ROOT_CLASS = YES_ERROR;
				CLANG_WARN_UNREACHABLE_CODE = YES;
				CLANG_WARN__DUPLICATE_METHOD_MATCH = YES;
				"CODE_SIGN_IDENTITY[sdk=iphoneos*]" = "iPhone Developer";
				COPY_PHASE_STRIP = NO;
				DEBUG_INFORMATION_FORMAT = "dwarf-with-dsym";
				ENABLE_NS_ASSERTIONS = NO;
				ENABLE_STRICT_OBJC_MSGSEND = YES;
				GCC_C_LANGUAGE_STANDARD = gnu99;
				GCC_NO_COMMON_BLOCKS = YES;
				GCC_WARN_64_TO_32_BIT_CONVERSION = YES;
				GCC_WARN_ABOUT_RETURN_TYPE = YES_ERROR;
				GCC_WARN_UNDECLARED_SELECTOR = YES;
				GCC_WARN_UNINITIALIZED_AUTOS = YES_AGGRESSIVE;
				GCC_WARN_UNUSED_FUNCTION = YES;
				GCC_WARN_UNUSED_VARIABLE = YES;
				IPHONEOS_DEPLOYMENT_TARGET = 9.3;
				MTL_ENABLE_DEBUG_INFO = NO;
				SDKROOT = iphoneos;
				VALIDATE_PRODUCT = YES;
			};
			name = Release;
		};
		1BE99C921CE44C4E00E9C0BB /* Debug */ = {
			isa = XCBuildConfiguration;
			buildSettings = {
				ASSETCATALOG_COMPILER_APPICON_NAME = AppIcon;
				INFOPLIST_FILE = CS_TableViewWithSearchBar/Info.plist;
				LD_RUNPATH_SEARCH_PATHS = "$(inherited) @executable_path/Frameworks";
				PRODUCT_BUNDLE_IDENTIFIER = "sofang.CS-TableViewWithSearchBar";
				PRODUCT_NAME = "$(TARGET_NAME)";
			};
			name = Debug;
		};
		1BE99C931CE44C4E00E9C0BB /* Release */ = {
			isa = XCBuildConfiguration;
			buildSettings = {
				ASSETCATALOG_COMPILER_APPICON_NAME = AppIcon;
				INFOPLIST_FILE = CS_TableViewWithSearchBar/Info.plist;
				LD_RUNPATH_SEARCH_PATHS = "$(inherited) @executable_path/Frameworks";
				PRODUCT_BUNDLE_IDENTIFIER = "sofang.CS-TableViewWithSearchBar";
				PRODUCT_NAME = "$(TARGET_NAME)";
			};
			name = Release;
		};
		1BE99C951CE44C4E00E9C0BB /* Debug */ = {
			isa = XCBuildConfiguration;
			buildSettings = {
				BUNDLE_LOADER = "$(TEST_HOST)";
				INFOPLIST_FILE = CS_TableViewWithSearchBarTests/Info.plist;
				LD_RUNPATH_SEARCH_PATHS = "$(inherited) @executable_path/Frameworks @loader_path/Frameworks";
				PRODUCT_BUNDLE_IDENTIFIER = "sofang.CS-TableViewWithSearchBarTests";
				PRODUCT_NAME = "$(TARGET_NAME)";
				TEST_HOST = "$(BUILT_PRODUCTS_DIR)/CS_TableViewWithSearchBar.app/CS_TableViewWithSearchBar";
			};
			name = Debug;
		};
		1BE99C961CE44C4E00E9C0BB /* Release */ = {
			isa = XCBuildConfiguration;
			buildSettings = {
				BUNDLE_LOADER = "$(TEST_HOST)";
				INFOPLIST_FILE = CS_TableViewWithSearchBarTests/Info.plist;
				LD_RUNPATH_SEARCH_PATHS = "$(inherited) @executable_path/Frameworks @loader_path/Frameworks";
				PRODUCT_BUNDLE_IDENTIFIER = "sofang.CS-TableViewWithSearchBarTests";
				PRODUCT_NAME = "$(TARGET_NAME)";
				TEST_HOST = "$(BUILT_PRODUCTS_DIR)/CS_TableViewWithSearchBar.app/CS_TableViewWithSearchBar";
			};
			name = Release;
		};
		1BE99C981CE44C4E00E9C0BB /* Debug */ = {
			isa = XCBuildConfiguration;
			buildSettings = {
				INFOPLIST_FILE = CS_TableViewWithSearchBarUITests/Info.plist;
				LD_RUNPATH_SEARCH_PATHS = "$(inherited) @executable_path/Frameworks @loader_path/Frameworks";
				PRODUCT_BUNDLE_IDENTIFIER = "sofang.CS-TableViewWithSearchBarUITests";
				PRODUCT_NAME = "$(TARGET_NAME)";
				TEST_TARGET_NAME = CS_TableViewWithSearchBar;
			};
			name = Debug;
		};
		1BE99C991CE44C4E00E9C0BB /* Release */ = {
			isa = XCBuildConfiguration;
			buildSettings = {
				INFOPLIST_FILE = CS_TableViewWithSearchBarUITests/Info.plist;
				LD_RUNPATH_SEARCH_PATHS = "$(inherited) @executable_path/Frameworks @loader_path/Frameworks";
				PRODUCT_BUNDLE_IDENTIFIER = "sofang.CS-TableViewWithSearchBarUITests";
				PRODUCT_NAME = "$(TARGET_NAME)";
				TEST_TARGET_NAME = CS_TableViewWithSearchBar;
			};
			name = Release;
		};
/* End XCBuildConfiguration section */

/* Begin XCConfigurationList section */
		1BE99C5F1CE44C4D00E9C0BB /* Build configuration list for PBXProject "CS_TableViewWithSearchBar" */ = {
			isa = XCConfigurationList;
			buildConfigurations = (
				1BE99C8F1CE44C4E00E9C0BB /* Debug */,
				1BE99C901CE44C4E00E9C0BB /* Release */,
			);
			defaultConfigurationIsVisible = 0;
			defaultConfigurationName = Release;
		};
		1BE99C911CE44C4E00E9C0BB /* Build configuration list for PBXNativeTarget "CS_TableViewWithSearchBar" */ = {
			isa = XCConfigurationList;
			buildConfigurations = (
				1BE99C921CE44C4E00E9C0BB /* Debug */,
				1BE99C931CE44C4E00E9C0BB /* Release */,
			);
			defaultConfigurationIsVisible = 0;
		};
		1BE99C941CE44C4E00E9C0BB /* Build configuration list for PBXNativeTarget "CS_TableViewWithSearchBarTests" */ = {
			isa = XCConfigurationList;
			buildConfigurations = (
				1BE99C951CE44C4E00E9C0BB /* Debug */,
				1BE99C961CE44C4E00E9C0BB /* Release */,
			);
			defaultConfigurationIsVisible = 0;
		};
		1BE99C971CE44C4E00E9C0BB /* Build configuration list for PBXNativeTarget "CS_TableViewWithSearchBarUITests" */ = {
			isa = XCConfigurationList;
			buildConfigurations = (
				1BE99C981CE44C4E00E9C0BB /* Debug */,
				1BE99C991CE44C4E00E9C0BB /* Release */,
			);
			defaultConfigurationIsVisible = 0;
		};
/* End XCConfigurationList section */
	};
	rootObject = 1BE99C5C1CE44C4D00E9C0BB /* Project object */;
}
